// !$*UTF8*$!
{
	archiveVersion = 1;
	classes = {
	};
	objectVersion = 56;
	objects = {

/* Begin PBXBuildFile section */
		084F5D442B62CFD800A1E76F /* TaskTableViewCell.swift in Sources */ = {isa = PBXBuildFile; fileRef = 084F5D422B62CFD800A1E76F /* TaskTableViewCell.swift */; };
		084F5D452B62CFD800A1E76F /* TaskTableViewCell.xib in Resources */ = {isa = PBXBuildFile; fileRef = 084F5D432B62CFD800A1E76F /* TaskTableViewCell.xib */; };
		084F5D472B62D11C00A1E76F /* LocalUser.swift in Sources */ = {isa = PBXBuildFile; fileRef = 084F5D462B62D11C00A1E76F /* LocalUser.swift */; };
		084F5D4A2B6348A400A1E76F /* Swinject in Frameworks */ = {isa = PBXBuildFile; productRef = 084F5D492B6348A400A1E76F /* Swinject */; };
		084F5D4E2B64082600A1E76F /* SignUpViewController.swift in Sources */ = {isa = PBXBuildFile; fileRef = 084F5D4C2B64082600A1E76F /* SignUpViewController.swift */; };
		084F5D4F2B64082600A1E76F /* SignUpViewController.xib in Resources */ = {isa = PBXBuildFile; fileRef = 084F5D4D2B64082600A1E76F /* SignUpViewController.xib */; };
		084F5D522B640D9300A1E76F /* WelcomeViewModel.swift in Sources */ = {isa = PBXBuildFile; fileRef = 084F5D512B640D9300A1E76F /* WelcomeViewModel.swift */; };
		084F5D542B640DF500A1E76F /* WelcomeRouter.swift in Sources */ = {isa = PBXBuildFile; fileRef = 084F5D532B640DF500A1E76F /* WelcomeRouter.swift */; };
		084F5D562B6416DD00A1E76F /* SignUpViewModel.swift in Sources */ = {isa = PBXBuildFile; fileRef = 084F5D552B6416DD00A1E76F /* SignUpViewModel.swift */; };
		084F5D582B6416E400A1E76F /* SignUpRouter.swift in Sources */ = {isa = PBXBuildFile; fileRef = 084F5D572B6416E400A1E76F /* SignUpRouter.swift */; };
		084F5D5A2B641F1700A1E76F /* GoogleService-Info.plist in Resources */ = {isa = PBXBuildFile; fileRef = 084F5D592B641F1600A1E76F /* GoogleService-Info.plist */; };
		084F5D5D2B641FB200A1E76F /* FirebaseAuth in Frameworks */ = {isa = PBXBuildFile; productRef = 084F5D5C2B641FB200A1E76F /* FirebaseAuth */; };
		084F5D5F2B641FB200A1E76F /* FirebaseFirestore in Frameworks */ = {isa = PBXBuildFile; productRef = 084F5D5E2B641FB200A1E76F /* FirebaseFirestore */; };
		0856402F2B6017140010E350 /* AppDelegate.swift in Sources */ = {isa = PBXBuildFile; fileRef = 0856402E2B6017140010E350 /* AppDelegate.swift */; };
		085640312B6017140010E350 /* SceneDelegate.swift in Sources */ = {isa = PBXBuildFile; fileRef = 085640302B6017140010E350 /* SceneDelegate.swift */; };
		085640332B6017140010E350 /* WelcomeViewController.swift in Sources */ = {isa = PBXBuildFile; fileRef = 085640322B6017140010E350 /* WelcomeViewController.swift */; };
		085640362B6017140010E350 /* Main.storyboard in Resources */ = {isa = PBXBuildFile; fileRef = 085640342B6017140010E350 /* Main.storyboard */; };
		085640382B6017150010E350 /* Assets.xcassets in Resources */ = {isa = PBXBuildFile; fileRef = 085640372B6017150010E350 /* Assets.xcassets */; };
		0856403B2B6017150010E350 /* LaunchScreen.storyboard in Resources */ = {isa = PBXBuildFile; fileRef = 085640392B6017150010E350 /* LaunchScreen.storyboard */; };
		085640462B6017150010E350 /* ToDoListTests.swift in Sources */ = {isa = PBXBuildFile; fileRef = 085640452B6017150010E350 /* ToDoListTests.swift */; };
		085640502B6017150010E350 /* ToDoListUITests.swift in Sources */ = {isa = PBXBuildFile; fileRef = 0856404F2B6017150010E350 /* ToDoListUITests.swift */; };
		085640522B6017150010E350 /* ToDoListUITestsLaunchTests.swift in Sources */ = {isa = PBXBuildFile; fileRef = 085640512B6017150010E350 /* ToDoListUITestsLaunchTests.swift */; };
		0856406C2B6171860010E350 /* ModuleManager.swift in Sources */ = {isa = PBXBuildFile; fileRef = 0856406B2B6171860010E350 /* ModuleManager.swift */; };
		08950D0B2B617A5600F224B5 /* String+Ext.swift in Sources */ = {isa = PBXBuildFile; fileRef = 08950D0A2B617A5600F224B5 /* String+Ext.swift */; };
		08950D0E2B617ABF00F224B5 /* Tools.swift in Sources */ = {isa = PBXBuildFile; fileRef = 08950D0D2B617ABF00F224B5 /* Tools.swift */; };
		08950D112B61845D00F224B5 /* SignInViewController.swift in Sources */ = {isa = PBXBuildFile; fileRef = 08950D0F2B61845D00F224B5 /* SignInViewController.swift */; };
		08950D122B61845D00F224B5 /* SignInViewController.xib in Resources */ = {isa = PBXBuildFile; fileRef = 08950D102B61845D00F224B5 /* SignInViewController.xib */; };
		08950D172B61A67200F224B5 /* OnboardingDependency.swift in Sources */ = {isa = PBXBuildFile; fileRef = 08950D162B61A67200F224B5 /* OnboardingDependency.swift */; };
		08950D202B62C08000F224B5 /* SignInViewModel.swift in Sources */ = {isa = PBXBuildFile; fileRef = 08950D1F2B62C08000F224B5 /* SignInViewModel.swift */; };
		08DE2B062B62C32C00B76D60 /* TaskListViewController.swift in Sources */ = {isa = PBXBuildFile; fileRef = 08DE2B042B62C32C00B76D60 /* TaskListViewController.swift */; };
		08DE2B072B62C32C00B76D60 /* TaskListViewController.xib in Resources */ = {isa = PBXBuildFile; fileRef = 08DE2B052B62C32C00B76D60 /* TaskListViewController.xib */; };
		08DE2B092B62C47800B76D60 /* HomeDependency.swift in Sources */ = {isa = PBXBuildFile; fileRef = 08DE2B082B62C47800B76D60 /* HomeDependency.swift */; };
/* End PBXBuildFile section */

/* Begin PBXContainerItemProxy section */
		085640422B6017150010E350 /* PBXContainerItemProxy */ = {
			isa = PBXContainerItemProxy;
			containerPortal = 085640232B6017140010E350 /* Project object */;
			proxyType = 1;
			remoteGlobalIDString = 0856402A2B6017140010E350;
			remoteInfo = ToDoList;
		};
		0856404C2B6017150010E350 /* PBXContainerItemProxy */ = {
			isa = PBXContainerItemProxy;
			containerPortal = 085640232B6017140010E350 /* Project object */;
			proxyType = 1;
			remoteGlobalIDString = 0856402A2B6017140010E350;
			remoteInfo = ToDoList;
		};
/* End PBXContainerItemProxy section */

/* Begin PBXFileReference section */
		084F5D422B62CFD800A1E76F /* TaskTableViewCell.swift */ = {isa = PBXFileReference; lastKnownFileType = sourcecode.swift; path = TaskTableViewCell.swift; sourceTree = "<group>"; };
		084F5D432B62CFD800A1E76F /* TaskTableViewCell.xib */ = {isa = PBXFileReference; lastKnownFileType = file.xib; path = TaskTableViewCell.xib; sourceTree = "<group>"; };
		084F5D462B62D11C00A1E76F /* LocalUser.swift */ = {isa = PBXFileReference; lastKnownFileType = sourcecode.swift; path = LocalUser.swift; sourceTree = "<group>"; };
		084F5D4C2B64082600A1E76F /* SignUpViewController.swift */ = {isa = PBXFileReference; lastKnownFileType = sourcecode.swift; path = SignUpViewController.swift; sourceTree = "<group>"; };
		084F5D4D2B64082600A1E76F /* SignUpViewController.xib */ = {isa = PBXFileReference; lastKnownFileType = file.xib; path = SignUpViewController.xib; sourceTree = "<group>"; };
		084F5D512B640D9300A1E76F /* WelcomeViewModel.swift */ = {isa = PBXFileReference; lastKnownFileType = sourcecode.swift; path = WelcomeViewModel.swift; sourceTree = "<group>"; };
		084F5D532B640DF500A1E76F /* WelcomeRouter.swift */ = {isa = PBXFileReference; lastKnownFileType = sourcecode.swift; path = WelcomeRouter.swift; sourceTree = "<group>"; };
		084F5D552B6416DD00A1E76F /* SignUpViewModel.swift */ = {isa = PBXFileReference; lastKnownFileType = sourcecode.swift; path = SignUpViewModel.swift; sourceTree = "<group>"; };
		084F5D572B6416E400A1E76F /* SignUpRouter.swift */ = {isa = PBXFileReference; lastKnownFileType = sourcecode.swift; path = SignUpRouter.swift; sourceTree = "<group>"; };
		084F5D592B641F1600A1E76F /* GoogleService-Info.plist */ = {isa = PBXFileReference; fileEncoding = 4; lastKnownFileType = text.plist.xml; path = "GoogleService-Info.plist"; sourceTree = "<group>"; };
		0856402B2B6017140010E350 /* ToDoList.app */ = {isa = PBXFileReference; explicitFileType = wrapper.application; includeInIndex = 0; path = ToDoList.app; sourceTree = BUILT_PRODUCTS_DIR; };
		0856402E2B6017140010E350 /* AppDelegate.swift */ = {isa = PBXFileReference; lastKnownFileType = sourcecode.swift; path = AppDelegate.swift; sourceTree = "<group>"; };
		085640302B6017140010E350 /* SceneDelegate.swift */ = {isa = PBXFileReference; lastKnownFileType = sourcecode.swift; path = SceneDelegate.swift; sourceTree = "<group>"; };
		085640322B6017140010E350 /* WelcomeViewController.swift */ = {isa = PBXFileReference; lastKnownFileType = sourcecode.swift; path = WelcomeViewController.swift; sourceTree = "<group>"; };
		085640352B6017140010E350 /* Base */ = {isa = PBXFileReference; lastKnownFileType = file.storyboard; name = Base; path = Base.lproj/Main.storyboard; sourceTree = "<group>"; };
		085640372B6017150010E350 /* Assets.xcassets */ = {isa = PBXFileReference; lastKnownFileType = folder.assetcatalog; path = Assets.xcassets; sourceTree = "<group>"; };
		0856403A2B6017150010E350 /* Base */ = {isa = PBXFileReference; lastKnownFileType = file.storyboard; name = Base; path = Base.lproj/LaunchScreen.storyboard; sourceTree = "<group>"; };
		0856403C2B6017150010E350 /* Info.plist */ = {isa = PBXFileReference; lastKnownFileType = text.plist.xml; path = Info.plist; sourceTree = "<group>"; };
		085640412B6017150010E350 /* ToDoListTests.xctest */ = {isa = PBXFileReference; explicitFileType = wrapper.cfbundle; includeInIndex = 0; path = ToDoListTests.xctest; sourceTree = BUILT_PRODUCTS_DIR; };
		085640452B6017150010E350 /* ToDoListTests.swift */ = {isa = PBXFileReference; lastKnownFileType = sourcecode.swift; path = ToDoListTests.swift; sourceTree = "<group>"; };
		0856404B2B6017150010E350 /* ToDoListUITests.xctest */ = {isa = PBXFileReference; explicitFileType = wrapper.cfbundle; includeInIndex = 0; path = ToDoListUITests.xctest; sourceTree = BUILT_PRODUCTS_DIR; };
		0856404F2B6017150010E350 /* ToDoListUITests.swift */ = {isa = PBXFileReference; lastKnownFileType = sourcecode.swift; path = ToDoListUITests.swift; sourceTree = "<group>"; };
		085640512B6017150010E350 /* ToDoListUITestsLaunchTests.swift */ = {isa = PBXFileReference; lastKnownFileType = sourcecode.swift; path = ToDoListUITestsLaunchTests.swift; sourceTree = "<group>"; };
		0856406B2B6171860010E350 /* ModuleManager.swift */ = {isa = PBXFileReference; lastKnownFileType = sourcecode.swift; path = ModuleManager.swift; sourceTree = "<group>"; };
		08950D0A2B617A5600F224B5 /* String+Ext.swift */ = {isa = PBXFileReference; lastKnownFileType = sourcecode.swift; path = "String+Ext.swift"; sourceTree = "<group>"; };
		08950D0D2B617ABF00F224B5 /* Tools.swift */ = {isa = PBXFileReference; lastKnownFileType = sourcecode.swift; path = Tools.swift; sourceTree = "<group>"; };
		08950D0F2B61845D00F224B5 /* SignInViewController.swift */ = {isa = PBXFileReference; lastKnownFileType = sourcecode.swift; path = SignInViewController.swift; sourceTree = "<group>"; };
		08950D102B61845D00F224B5 /* SignInViewController.xib */ = {isa = PBXFileReference; lastKnownFileType = file.xib; path = SignInViewController.xib; sourceTree = "<group>"; };
		08950D162B61A67200F224B5 /* OnboardingDependency.swift */ = {isa = PBXFileReference; lastKnownFileType = sourcecode.swift; path = OnboardingDependency.swift; sourceTree = "<group>"; };
		08950D1F2B62C08000F224B5 /* SignInViewModel.swift */ = {isa = PBXFileReference; lastKnownFileType = sourcecode.swift; path = SignInViewModel.swift; sourceTree = "<group>"; };
		08DE2B042B62C32C00B76D60 /* TaskListViewController.swift */ = {isa = PBXFileReference; lastKnownFileType = sourcecode.swift; path = TaskListViewController.swift; sourceTree = "<group>"; };
		08DE2B052B62C32C00B76D60 /* TaskListViewController.xib */ = {isa = PBXFileReference; lastKnownFileType = file.xib; path = TaskListViewController.xib; sourceTree = "<group>"; };
		08DE2B082B62C47800B76D60 /* HomeDependency.swift */ = {isa = PBXFileReference; lastKnownFileType = sourcecode.swift; path = HomeDependency.swift; sourceTree = "<group>"; };
/* End PBXFileReference section */

/* Begin PBXFrameworksBuildPhase section */
		085640282B6017140010E350 /* Frameworks */ = {
			isa = PBXFrameworksBuildPhase;
			buildActionMask = 2147483647;
			files = (
				084F5D4A2B6348A400A1E76F /* Swinject in Frameworks */,
				084F5D5D2B641FB200A1E76F /* FirebaseAuth in Frameworks */,
				084F5D5F2B641FB200A1E76F /* FirebaseFirestore in Frameworks */,
			);
			runOnlyForDeploymentPostprocessing = 0;
		};
		0856403E2B6017150010E350 /* Frameworks */ = {
			isa = PBXFrameworksBuildPhase;
			buildActionMask = 2147483647;
			files = (
			);
			runOnlyForDeploymentPostprocessing = 0;
		};
		085640482B6017150010E350 /* Frameworks */ = {
			isa = PBXFrameworksBuildPhase;
			buildActionMask = 2147483647;
			files = (
			);
			runOnlyForDeploymentPostprocessing = 0;
		};
/* End PBXFrameworksBuildPhase section */

/* Begin PBXGroup section */
		084F5D402B62CFAE00A1E76F /* UI */ = {
			isa = PBXGroup;
			children = (
				084F5D412B62CFB500A1E76F /* Cells */,
			);
			path = UI;
			sourceTree = "<group>";
		};
		084F5D412B62CFB500A1E76F /* Cells */ = {
			isa = PBXGroup;
			children = (
				084F5D422B62CFD800A1E76F /* TaskTableViewCell.swift */,
				084F5D432B62CFD800A1E76F /* TaskTableViewCell.xib */,
			);
			path = Cells;
			sourceTree = "<group>";
		};
		084F5D4B2B6407B500A1E76F /* SignUp */ = {
			isa = PBXGroup;
			children = (
				084F5D4C2B64082600A1E76F /* SignUpViewController.swift */,
				084F5D4D2B64082600A1E76F /* SignUpViewController.xib */,
				084F5D552B6416DD00A1E76F /* SignUpViewModel.swift */,
				084F5D572B6416E400A1E76F /* SignUpRouter.swift */,
			);
			path = SignUp;
			sourceTree = "<group>";
		};
		084F5D502B640D8100A1E76F /* Welcome */ = {
			isa = PBXGroup;
			children = (
				085640322B6017140010E350 /* WelcomeViewController.swift */,
				084F5D512B640D9300A1E76F /* WelcomeViewModel.swift */,
				084F5D532B640DF500A1E76F /* WelcomeRouter.swift */,
			);
			path = Welcome;
			sourceTree = "<group>";
		};
		085640222B6017140010E350 = {
			isa = PBXGroup;
			children = (
				0856402D2B6017140010E350 /* ToDoList */,
				085640442B6017150010E350 /* ToDoListTests */,
				0856404E2B6017150010E350 /* ToDoListUITests */,
				0856402C2B6017140010E350 /* Products */,
				08950D132B61A45C00F224B5 /* Frameworks */,
			);
			sourceTree = "<group>";
		};
		0856402C2B6017140010E350 /* Products */ = {
			isa = PBXGroup;
			children = (
				0856402B2B6017140010E350 /* ToDoList.app */,
				085640412B6017150010E350 /* ToDoListTests.xctest */,
				0856404B2B6017150010E350 /* ToDoListUITests.xctest */,
			);
			name = Products;
			sourceTree = "<group>";
		};
		0856402D2B6017140010E350 /* ToDoList */ = {
			isa = PBXGroup;
			children = (
				084F5D402B62CFAE00A1E76F /* UI */,
				08950D082B617A4200F224B5 /* Utils */,
				0856403C2B6017150010E350 /* Info.plist */,
				084F5D592B641F1600A1E76F /* GoogleService-Info.plist */,
				0856402E2B6017140010E350 /* AppDelegate.swift */,
				085640302B6017140010E350 /* SceneDelegate.swift */,
				085640372B6017150010E350 /* Assets.xcassets */,
				085640672B61714D0010E350 /* Core */,
				085640392B6017150010E350 /* LaunchScreen.storyboard */,
				085640342B6017140010E350 /* Main.storyboard */,
				085640662B6171410010E350 /* Model */,
				0856405E2B6168470010E350 /* Views */,
			);
			path = ToDoList;
			sourceTree = "<group>";
		};
		085640442B6017150010E350 /* ToDoListTests */ = {
			isa = PBXGroup;
			children = (
				085640452B6017150010E350 /* ToDoListTests.swift */,
			);
			path = ToDoListTests;
			sourceTree = "<group>";
		};
		0856404E2B6017150010E350 /* ToDoListUITests */ = {
			isa = PBXGroup;
			children = (
				0856404F2B6017150010E350 /* ToDoListUITests.swift */,
				085640512B6017150010E350 /* ToDoListUITestsLaunchTests.swift */,
			);
			path = ToDoListUITests;
			sourceTree = "<group>";
		};
		0856405E2B6168470010E350 /* Views */ = {
			isa = PBXGroup;
			children = (
				084F5D502B640D8100A1E76F /* Welcome */,
				084F5D4B2B6407B500A1E76F /* SignUp */,
				08DE2B032B62C2FD00B76D60 /* TaskList */,
				0856405F2B6168560010E350 /* SignIn */,
			);
			path = Views;
			sourceTree = "<group>";
		};
		0856405F2B6168560010E350 /* SignIn */ = {
			isa = PBXGroup;
			children = (
				08950D0F2B61845D00F224B5 /* SignInViewController.swift */,
				08950D102B61845D00F224B5 /* SignInViewController.xib */,
				08950D1F2B62C08000F224B5 /* SignInViewModel.swift */,
			);
			path = SignIn;
			sourceTree = "<group>";
		};
		085640662B6171410010E350 /* Model */ = {
			isa = PBXGroup;
			children = (
				084F5D462B62D11C00A1E76F /* LocalUser.swift */,
			);
			path = Model;
			sourceTree = "<group>";
		};
		085640672B61714D0010E350 /* Core */ = {
			isa = PBXGroup;
			children = (
				085640692B6171650010E350 /* DependencyManager */,
			);
			path = Core;
			sourceTree = "<group>";
		};
		085640692B6171650010E350 /* DependencyManager */ = {
			isa = PBXGroup;
			children = (
				0856406B2B6171860010E350 /* ModuleManager.swift */,
				08950D162B61A67200F224B5 /* OnboardingDependency.swift */,
				08DE2B082B62C47800B76D60 /* HomeDependency.swift */,
			);
			path = DependencyManager;
			sourceTree = "<group>";
		};
		08950D082B617A4200F224B5 /* Utils */ = {
			isa = PBXGroup;
			children = (
				08950D0C2B617AB100F224B5 /* Tools */,
				08950D092B617A4B00F224B5 /* Extensions */,
			);
			path = Utils;
			sourceTree = "<group>";
		};
		08950D092B617A4B00F224B5 /* Extensions */ = {
			isa = PBXGroup;
			children = (
				08950D0A2B617A5600F224B5 /* String+Ext.swift */,
			);
			path = Extensions;
			sourceTree = "<group>";
		};
		08950D0C2B617AB100F224B5 /* Tools */ = {
			isa = PBXGroup;
			children = (
				08950D0D2B617ABF00F224B5 /* Tools.swift */,
			);
			path = Tools;
			sourceTree = "<group>";
		};
		08950D132B61A45C00F224B5 /* Frameworks */ = {
			isa = PBXGroup;
			children = (
			);
			name = Frameworks;
			sourceTree = "<group>";
		};
		08DE2B032B62C2FD00B76D60 /* TaskList */ = {
			isa = PBXGroup;
			children = (
				08DE2B042B62C32C00B76D60 /* TaskListViewController.swift */,
				08DE2B052B62C32C00B76D60 /* TaskListViewController.xib */,
			);
			path = TaskList;
			sourceTree = "<group>";
		};
/* End PBXGroup section */

/* Begin PBXNativeTarget section */
		0856402A2B6017140010E350 /* ToDoList */ = {
			isa = PBXNativeTarget;
			buildConfigurationList = 085640552B6017150010E350 /* Build configuration list for PBXNativeTarget "ToDoList" */;
			buildPhases = (
				085640272B6017140010E350 /* Sources */,
				085640282B6017140010E350 /* Frameworks */,
				085640292B6017140010E350 /* Resources */,
			);
			buildRules = (
			);
			dependencies = (
			);
			name = ToDoList;
			packageProductDependencies = (
				084F5D492B6348A400A1E76F /* Swinject */,
				084F5D5C2B641FB200A1E76F /* FirebaseAuth */,
				084F5D5E2B641FB200A1E76F /* FirebaseFirestore */,
			);
			productName = ToDoList;
			productReference = 0856402B2B6017140010E350 /* ToDoList.app */;
			productType = "com.apple.product-type.application";
		};
		085640402B6017150010E350 /* ToDoListTests */ = {
			isa = PBXNativeTarget;
			buildConfigurationList = 085640582B6017150010E350 /* Build configuration list for PBXNativeTarget "ToDoListTests" */;
			buildPhases = (
				0856403D2B6017150010E350 /* Sources */,
				0856403E2B6017150010E350 /* Frameworks */,
				0856403F2B6017150010E350 /* Resources */,
			);
			buildRules = (
			);
			dependencies = (
				085640432B6017150010E350 /* PBXTargetDependency */,
			);
			name = ToDoListTests;
			productName = ToDoListTests;
			productReference = 085640412B6017150010E350 /* ToDoListTests.xctest */;
			productType = "com.apple.product-type.bundle.unit-test";
		};
		0856404A2B6017150010E350 /* ToDoListUITests */ = {
			isa = PBXNativeTarget;
			buildConfigurationList = 0856405B2B6017150010E350 /* Build configuration list for PBXNativeTarget "ToDoListUITests" */;
			buildPhases = (
				085640472B6017150010E350 /* Sources */,
				085640482B6017150010E350 /* Frameworks */,
				085640492B6017150010E350 /* Resources */,
			);
			buildRules = (
			);
			dependencies = (
				0856404D2B6017150010E350 /* PBXTargetDependency */,
			);
			name = ToDoListUITests;
			productName = ToDoListUITests;
			productReference = 0856404B2B6017150010E350 /* ToDoListUITests.xctest */;
			productType = "com.apple.product-type.bundle.ui-testing";
		};
/* End PBXNativeTarget section */

/* Begin PBXProject section */
		085640232B6017140010E350 /* Project object */ = {
			isa = PBXProject;
			attributes = {
				BuildIndependentTargetsInParallel = 1;
				LastSwiftUpdateCheck = 1520;
				LastUpgradeCheck = 1520;
				TargetAttributes = {
					0856402A2B6017140010E350 = {
						CreatedOnToolsVersion = 15.2;
					};
					085640402B6017150010E350 = {
						CreatedOnToolsVersion = 15.2;
						TestTargetID = 0856402A2B6017140010E350;
					};
					0856404A2B6017150010E350 = {
						CreatedOnToolsVersion = 15.2;
						TestTargetID = 0856402A2B6017140010E350;
					};
				};
			};
			buildConfigurationList = 085640262B6017140010E350 /* Build configuration list for PBXProject "ToDoList" */;
			compatibilityVersion = "Xcode 14.0";
			developmentRegion = en;
			hasScannedForEncodings = 0;
			knownRegions = (
				en,
				Base,
			);
			mainGroup = 085640222B6017140010E350;
			packageReferences = (
				084F5D482B63489200A1E76F /* XCRemoteSwiftPackageReference "Swinject" */,
				084F5D5B2B641FB200A1E76F /* XCRemoteSwiftPackageReference "firebase-ios-sdk" */,
			);
			productRefGroup = 0856402C2B6017140010E350 /* Products */;
			projectDirPath = "";
			projectRoot = "";
			targets = (
				0856402A2B6017140010E350 /* ToDoList */,
				085640402B6017150010E350 /* ToDoListTests */,
				0856404A2B6017150010E350 /* ToDoListUITests */,
			);
		};
/* End PBXProject section */

/* Begin PBXResourcesBuildPhase section */
		085640292B6017140010E350 /* Resources */ = {
			isa = PBXResourcesBuildPhase;
			buildActionMask = 2147483647;
			files = (
				08DE2B072B62C32C00B76D60 /* TaskListViewController.xib in Resources */,
				084F5D5A2B641F1700A1E76F /* GoogleService-Info.plist in Resources */,
				08950D122B61845D00F224B5 /* SignInViewController.xib in Resources */,
				0856403B2B6017150010E350 /* LaunchScreen.storyboard in Resources */,
				085640382B6017150010E350 /* Assets.xcassets in Resources */,
				085640362B6017140010E350 /* Main.storyboard in Resources */,
				084F5D4F2B64082600A1E76F /* SignUpViewController.xib in Resources */,
				084F5D452B62CFD800A1E76F /* TaskTableViewCell.xib in Resources */,
			);
			runOnlyForDeploymentPostprocessing = 0;
		};
		0856403F2B6017150010E350 /* Resources */ = {
			isa = PBXResourcesBuildPhase;
			buildActionMask = 2147483647;
			files = (
			);
			runOnlyForDeploymentPostprocessing = 0;
		};
		085640492B6017150010E350 /* Resources */ = {
			isa = PBXResourcesBuildPhase;
			buildActionMask = 2147483647;
			files = (
			);
			runOnlyForDeploymentPostprocessing = 0;
		};
/* End PBXResourcesBuildPhase section */

/* Begin PBXSourcesBuildPhase section */
		085640272B6017140010E350 /* Sources */ = {
			isa = PBXSourcesBuildPhase;
			buildActionMask = 2147483647;
			files = (
				084F5D582B6416E400A1E76F /* SignUpRouter.swift in Sources */,
				084F5D442B62CFD800A1E76F /* TaskTableViewCell.swift in Sources */,
				084F5D562B6416DD00A1E76F /* SignUpViewModel.swift in Sources */,
				084F5D522B640D9300A1E76F /* WelcomeViewModel.swift in Sources */,
				08950D112B61845D00F224B5 /* SignInViewController.swift in Sources */,
				08950D0B2B617A5600F224B5 /* String+Ext.swift in Sources */,
				085640332B6017140010E350 /* WelcomeViewController.swift in Sources */,
				08DE2B092B62C47800B76D60 /* HomeDependency.swift in Sources */,
				0856406C2B6171860010E350 /* ModuleManager.swift in Sources */,
				08DE2B062B62C32C00B76D60 /* TaskListViewController.swift in Sources */,
				084F5D472B62D11C00A1E76F /* LocalUser.swift in Sources */,
				08950D0E2B617ABF00F224B5 /* Tools.swift in Sources */,
				084F5D4E2B64082600A1E76F /* SignUpViewController.swift in Sources */,
				084F5D542B640DF500A1E76F /* WelcomeRouter.swift in Sources */,
				0856402F2B6017140010E350 /* AppDelegate.swift in Sources */,
				08950D202B62C08000F224B5 /* SignInViewModel.swift in Sources */,
				085640312B6017140010E350 /* SceneDelegate.swift in Sources */,
				08950D172B61A67200F224B5 /* OnboardingDependency.swift in Sources */,
			);
			runOnlyForDeploymentPostprocessing = 0;
		};
		0856403D2B6017150010E350 /* Sources */ = {
			isa = PBXSourcesBuildPhase;
			buildActionMask = 2147483647;
			files = (
				085640462B6017150010E350 /* ToDoListTests.swift in Sources */,
			);
			runOnlyForDeploymentPostprocessing = 0;
		};
		085640472B6017150010E350 /* Sources */ = {
			isa = PBXSourcesBuildPhase;
			buildActionMask = 2147483647;
			files = (
				085640522B6017150010E350 /* ToDoListUITestsLaunchTests.swift in Sources */,
				085640502B6017150010E350 /* ToDoListUITests.swift in Sources */,
			);
			runOnlyForDeploymentPostprocessing = 0;
		};
/* End PBXSourcesBuildPhase section */

/* Begin PBXTargetDependency section */
		085640432B6017150010E350 /* PBXTargetDependency */ = {
			isa = PBXTargetDependency;
			target = 0856402A2B6017140010E350 /* ToDoList */;
			targetProxy = 085640422B6017150010E350 /* PBXContainerItemProxy */;
		};
		0856404D2B6017150010E350 /* PBXTargetDependency */ = {
			isa = PBXTargetDependency;
			target = 0856402A2B6017140010E350 /* ToDoList */;
			targetProxy = 0856404C2B6017150010E350 /* PBXContainerItemProxy */;
		};
/* End PBXTargetDependency section */

/* Begin PBXVariantGroup section */
		085640342B6017140010E350 /* Main.storyboard */ = {
			isa = PBXVariantGroup;
			children = (
				085640352B6017140010E350 /* Base */,
			);
			name = Main.storyboard;
			sourceTree = "<group>";
		};
		085640392B6017150010E350 /* LaunchScreen.storyboard */ = {
			isa = PBXVariantGroup;
			children = (
				0856403A2B6017150010E350 /* Base */,
			);
			name = LaunchScreen.storyboard;
			sourceTree = "<group>";
		};
/* End PBXVariantGroup section */

/* Begin XCBuildConfiguration section */
		085640532B6017150010E350 /* Debug */ = {
			isa = XCBuildConfiguration;
			buildSettings = {
				ALWAYS_SEARCH_USER_PATHS = NO;
				ASSETCATALOG_COMPILER_GENERATE_SWIFT_ASSET_SYMBOL_EXTENSIONS = YES;
				CLANG_ANALYZER_NONNULL = YES;
				CLANG_ANALYZER_NUMBER_OBJECT_CONVERSION = YES_AGGRESSIVE;
				CLANG_CXX_LANGUAGE_STANDARD = "gnu++20";
				CLANG_ENABLE_MODULES = YES;
				CLANG_ENABLE_OBJC_ARC = YES;
				CLANG_ENABLE_OBJC_WEAK = YES;
				CLANG_WARN_BLOCK_CAPTURE_AUTORELEASING = YES;
				CLANG_WARN_BOOL_CONVERSION = YES;
				CLANG_WARN_COMMA = YES;
				CLANG_WARN_CONSTANT_CONVERSION = YES;
				CLANG_WARN_DEPRECATED_OBJC_IMPLEMENTATIONS = YES;
				CLANG_WARN_DIRECT_OBJC_ISA_USAGE = YES_ERROR;
				CLANG_WARN_DOCUMENTATION_COMMENTS = YES;
				CLANG_WARN_EMPTY_BODY = YES;
				CLANG_WARN_ENUM_CONVERSION = YES;
				CLANG_WARN_INFINITE_RECURSION = YES;
				CLANG_WARN_INT_CONVERSION = YES;
				CLANG_WARN_NON_LITERAL_NULL_CONVERSION = YES;
				CLANG_WARN_OBJC_IMPLICIT_RETAIN_SELF = YES;
				CLANG_WARN_OBJC_LITERAL_CONVERSION = YES;
				CLANG_WARN_OBJC_ROOT_CLASS = YES_ERROR;
				CLANG_WARN_QUOTED_INCLUDE_IN_FRAMEWORK_HEADER = YES;
				CLANG_WARN_RANGE_LOOP_ANALYSIS = YES;
				CLANG_WARN_STRICT_PROTOTYPES = YES;
				CLANG_WARN_SUSPICIOUS_MOVE = YES;
				CLANG_WARN_UNGUARDED_AVAILABILITY = YES_AGGRESSIVE;
				CLANG_WARN_UNREACHABLE_CODE = YES;
				CLANG_WARN__DUPLICATE_METHOD_MATCH = YES;
				COPY_PHASE_STRIP = NO;
				DEBUG_INFORMATION_FORMAT = dwarf;
				ENABLE_STRICT_OBJC_MSGSEND = YES;
				ENABLE_TESTABILITY = YES;
				ENABLE_USER_SCRIPT_SANDBOXING = YES;
				GCC_C_LANGUAGE_STANDARD = gnu17;
				GCC_DYNAMIC_NO_PIC = NO;
				GCC_NO_COMMON_BLOCKS = YES;
				GCC_OPTIMIZATION_LEVEL = 0;
				GCC_PREPROCESSOR_DEFINITIONS = (
					"DEBUG=1",
					"$(inherited)",
				);
				GCC_WARN_64_TO_32_BIT_CONVERSION = YES;
				GCC_WARN_ABOUT_RETURN_TYPE = YES_ERROR;
				GCC_WARN_UNDECLARED_SELECTOR = YES;
				GCC_WARN_UNINITIALIZED_AUTOS = YES_AGGRESSIVE;
				GCC_WARN_UNUSED_FUNCTION = YES;
				GCC_WARN_UNUSED_VARIABLE = YES;
				IPHONEOS_DEPLOYMENT_TARGET = 17.2;
				LOCALIZATION_PREFERS_STRING_CATALOGS = YES;
				MTL_ENABLE_DEBUG_INFO = INCLUDE_SOURCE;
				MTL_FAST_MATH = YES;
				ONLY_ACTIVE_ARCH = YES;
				SDKROOT = iphoneos;
				SWIFT_ACTIVE_COMPILATION_CONDITIONS = "DEBUG $(inherited)";
				SWIFT_OPTIMIZATION_LEVEL = "-Onone";
			};
			name = Debug;
		};
		085640542B6017150010E350 /* Release */ = {
			isa = XCBuildConfiguration;
			buildSettings = {
				ALWAYS_SEARCH_USER_PATHS = NO;
				ASSETCATALOG_COMPILER_GENERATE_SWIFT_ASSET_SYMBOL_EXTENSIONS = YES;
				CLANG_ANALYZER_NONNULL = YES;
				CLANG_ANALYZER_NUMBER_OBJECT_CONVERSION = YES_AGGRESSIVE;
				CLANG_CXX_LANGUAGE_STANDARD = "gnu++20";
				CLANG_ENABLE_MODULES = YES;
				CLANG_ENABLE_OBJC_ARC = YES;
				CLANG_ENABLE_OBJC_WEAK = YES;
				CLANG_WARN_BLOCK_CAPTURE_AUTORELEASING = YES;
				CLANG_WARN_BOOL_CONVERSION = YES;
				CLANG_WARN_COMMA = YES;
				CLANG_WARN_CONSTANT_CONVERSION = YES;
				CLANG_WARN_DEPRECATED_OBJC_IMPLEMENTATIONS = YES;
				CLANG_WARN_DIRECT_OBJC_ISA_USAGE = YES_ERROR;
				CLANG_WARN_DOCUMENTATION_COMMENTS = YES;
				CLANG_WARN_EMPTY_BODY = YES;
				CLANG_WARN_ENUM_CONVERSION = YES;
				CLANG_WARN_INFINITE_RECURSION = YES;
				CLANG_WARN_INT_CONVERSION = YES;
				CLANG_WARN_NON_LITERAL_NULL_CONVERSION = YES;
				CLANG_WARN_OBJC_IMPLICIT_RETAIN_SELF = YES;
				CLANG_WARN_OBJC_LITERAL_CONVERSION = YES;
				CLANG_WARN_OBJC_ROOT_CLASS = YES_ERROR;
				CLANG_WARN_QUOTED_INCLUDE_IN_FRAMEWORK_HEADER = YES;
				CLANG_WARN_RANGE_LOOP_ANALYSIS = YES;
				CLANG_WARN_STRICT_PROTOTYPES = YES;
				CLANG_WARN_SUSPICIOUS_MOVE = YES;
				CLANG_WARN_UNGUARDED_AVAILABILITY = YES_AGGRESSIVE;
				CLANG_WARN_UNREACHABLE_CODE = YES;
				CLANG_WARN__DUPLICATE_METHOD_MATCH = YES;
				COPY_PHASE_STRIP = NO;
				DEBUG_INFORMATION_FORMAT = "dwarf-with-dsym";
				ENABLE_NS_ASSERTIONS = NO;
				ENABLE_STRICT_OBJC_MSGSEND = YES;
				ENABLE_USER_SCRIPT_SANDBOXING = YES;
				GCC_C_LANGUAGE_STANDARD = gnu17;
				GCC_NO_COMMON_BLOCKS = YES;
				GCC_WARN_64_TO_32_BIT_CONVERSION = YES;
				GCC_WARN_ABOUT_RETURN_TYPE = YES_ERROR;
				GCC_WARN_UNDECLARED_SELECTOR = YES;
				GCC_WARN_UNINITIALIZED_AUTOS = YES_AGGRESSIVE;
				GCC_WARN_UNUSED_FUNCTION = YES;
				GCC_WARN_UNUSED_VARIABLE = YES;
				IPHONEOS_DEPLOYMENT_TARGET = 17.2;
				LOCALIZATION_PREFERS_STRING_CATALOGS = YES;
				MTL_ENABLE_DEBUG_INFO = NO;
				MTL_FAST_MATH = YES;
				SDKROOT = iphoneos;
				SWIFT_COMPILATION_MODE = wholemodule;
				VALIDATE_PRODUCT = YES;
			};
			name = Release;
		};
		085640562B6017150010E350 /* Debug */ = {
			isa = XCBuildConfiguration;
			buildSettings = {
				ASSETCATALOG_COMPILER_APPICON_NAME = AppIcon;
				ASSETCATALOG_COMPILER_GLOBAL_ACCENT_COLOR_NAME = AccentColor;
				CODE_SIGN_STYLE = Automatic;
				CURRENT_PROJECT_VERSION = 1;
				DEVELOPMENT_TEAM = JDT5SYQKPJ;
				GENERATE_INFOPLIST_FILE = YES;
				INFOPLIST_FILE = ToDoList/Info.plist;
				INFOPLIST_KEY_UIApplicationSupportsIndirectInputEvents = YES;
				INFOPLIST_KEY_UILaunchStoryboardName = LaunchScreen;
				INFOPLIST_KEY_UIMainStoryboardFile = Main;
				INFOPLIST_KEY_UISupportedInterfaceOrientations = "UIInterfaceOrientationLandscapeLeft UIInterfaceOrientationLandscapeRight UIInterfaceOrientationPortrait";
				IPHONEOS_DEPLOYMENT_TARGET = 13.0;
				LD_RUNPATH_SEARCH_PATHS = (
					"$(inherited)",
					"@executable_path/Frameworks",
				);
				MARKETING_VERSION = 1.0;
				PRODUCT_BUNDLE_IDENTIFIER = com.challengue.ToDoList;
				PRODUCT_NAME = "$(TARGET_NAME)";
				SWIFT_EMIT_LOC_STRINGS = YES;
				SWIFT_VERSION = 5.0;
				TARGETED_DEVICE_FAMILY = "1,2";
			};
			name = Debug;
		};
		085640572B6017150010E350 /* Release */ = {
			isa = XCBuildConfiguration;
			buildSettings = {
				ASSETCATALOG_COMPILER_APPICON_NAME = AppIcon;
				ASSETCATALOG_COMPILER_GLOBAL_ACCENT_COLOR_NAME = AccentColor;
				CODE_SIGN_STYLE = Automatic;
				CURRENT_PROJECT_VERSION = 1;
				DEVELOPMENT_TEAM = JDT5SYQKPJ;
				GENERATE_INFOPLIST_FILE = YES;
				INFOPLIST_FILE = ToDoList/Info.plist;
				INFOPLIST_KEY_UIApplicationSupportsIndirectInputEvents = YES;
				INFOPLIST_KEY_UILaunchStoryboardName = LaunchScreen;
				INFOPLIST_KEY_UIMainStoryboardFile = Main;
				INFOPLIST_KEY_UISupportedInterfaceOrientations = "UIInterfaceOrientationLandscapeLeft UIInterfaceOrientationLandscapeRight UIInterfaceOrientationPortrait";
				IPHONEOS_DEPLOYMENT_TARGET = 13.0;
				LD_RUNPATH_SEARCH_PATHS = (
					"$(inherited)",
					"@executable_path/Frameworks",
				);
				MARKETING_VERSION = 1.0;
				PRODUCT_BUNDLE_IDENTIFIER = com.challengue.ToDoList;
				PRODUCT_NAME = "$(TARGET_NAME)";
				SWIFT_EMIT_LOC_STRINGS = YES;
				SWIFT_VERSION = 5.0;
				TARGETED_DEVICE_FAMILY = "1,2";
			};
			name = Release;
		};
		085640592B6017150010E350 /* Debug */ = {
			isa = XCBuildConfiguration;
			buildSettings = {
				ALWAYS_EMBED_SWIFT_STANDARD_LIBRARIES = YES;
				BUNDLE_LOADER = "$(TEST_HOST)";
				CODE_SIGN_STYLE = Automatic;
				CURRENT_PROJECT_VERSION = 1;
				DEVELOPMENT_TEAM = JDT5SYQKPJ;
				GENERATE_INFOPLIST_FILE = YES;
				IPHONEOS_DEPLOYMENT_TARGET = 17.2;
				MARKETING_VERSION = 1.0;
				PRODUCT_BUNDLE_IDENTIFIER = com.challengue.ToDoListTests;
				PRODUCT_NAME = "$(TARGET_NAME)";
				SWIFT_EMIT_LOC_STRINGS = NO;
				SWIFT_VERSION = 5.0;
				TARGETED_DEVICE_FAMILY = "1,2";
				TEST_HOST = "$(BUILT_PRODUCTS_DIR)/ToDoList.app/$(BUNDLE_EXECUTABLE_FOLDER_PATH)/ToDoList";
			};
			name = Debug;
		};
		0856405A2B6017150010E350 /* Release */ = {
			isa = XCBuildConfiguration;
			buildSettings = {
				ALWAYS_EMBED_SWIFT_STANDARD_LIBRARIES = YES;
				BUNDLE_LOADER = "$(TEST_HOST)";
				CODE_SIGN_STYLE = Automatic;
				CURRENT_PROJECT_VERSION = 1;
				DEVELOPMENT_TEAM = JDT5SYQKPJ;
				GENERATE_INFOPLIST_FILE = YES;
				IPHONEOS_DEPLOYMENT_TARGET = 17.2;
				MARKETING_VERSION = 1.0;
				PRODUCT_BUNDLE_IDENTIFIER = com.challengue.ToDoListTests;
				PRODUCT_NAME = "$(TARGET_NAME)";
				SWIFT_EMIT_LOC_STRINGS = NO;
				SWIFT_VERSION = 5.0;
				TARGETED_DEVICE_FAMILY = "1,2";
				TEST_HOST = "$(BUILT_PRODUCTS_DIR)/ToDoList.app/$(BUNDLE_EXECUTABLE_FOLDER_PATH)/ToDoList";
			};
			name = Release;
		};
		0856405C2B6017150010E350 /* Debug */ = {
			isa = XCBuildConfiguration;
			buildSettings = {
				ALWAYS_EMBED_SWIFT_STANDARD_LIBRARIES = YES;
				CODE_SIGN_STYLE = Automatic;
				CURRENT_PROJECT_VERSION = 1;
				DEVELOPMENT_TEAM = JDT5SYQKPJ;
				GENERATE_INFOPLIST_FILE = YES;
				MARKETING_VERSION = 1.0;
				PRODUCT_BUNDLE_IDENTIFIER = com.challengue.ToDoListUITests;
				PRODUCT_NAME = "$(TARGET_NAME)";
				SWIFT_EMIT_LOC_STRINGS = NO;
				SWIFT_VERSION = 5.0;
				TARGETED_DEVICE_FAMILY = "1,2";
				TEST_TARGET_NAME = ToDoList;
			};
			name = Debug;
		};
		0856405D2B6017150010E350 /* Release */ = {
			isa = XCBuildConfiguration;
			buildSettings = {
				ALWAYS_EMBED_SWIFT_STANDARD_LIBRARIES = YES;
				CODE_SIGN_STYLE = Automatic;
				CURRENT_PROJECT_VERSION = 1;
				DEVELOPMENT_TEAM = JDT5SYQKPJ;
				GENERATE_INFOPLIST_FILE = YES;
				MARKETING_VERSION = 1.0;
				PRODUCT_BUNDLE_IDENTIFIER = com.challengue.ToDoListUITests;
				PRODUCT_NAME = "$(TARGET_NAME)";
				SWIFT_EMIT_LOC_STRINGS = NO;
				SWIFT_VERSION = 5.0;
				TARGETED_DEVICE_FAMILY = "1,2";
				TEST_TARGET_NAME = ToDoList;
			};
			name = Release;
		};
/* End XCBuildConfiguration section */

/* Begin XCConfigurationList section */
		085640262B6017140010E350 /* Build configuration list for PBXProject "ToDoList" */ = {
			isa = XCConfigurationList;
			buildConfigurations = (
				085640532B6017150010E350 /* Debug */,
				085640542B6017150010E350 /* Release */,
			);
			defaultConfigurationIsVisible = 0;
			defaultConfigurationName = Release;
		};
		085640552B6017150010E350 /* Build configuration list for PBXNativeTarget "ToDoList" */ = {
			isa = XCConfigurationList;
			buildConfigurations = (
				085640562B6017150010E350 /* Debug */,
				085640572B6017150010E350 /* Release */,
			);
			defaultConfigurationIsVisible = 0;
			defaultConfigurationName = Release;
		};
		085640582B6017150010E350 /* Build configuration list for PBXNativeTarget "ToDoListTests" */ = {
			isa = XCConfigurationList;
			buildConfigurations = (
				085640592B6017150010E350 /* Debug */,
				0856405A2B6017150010E350 /* Release */,
			);
			defaultConfigurationIsVisible = 0;
			defaultConfigurationName = Release;
		};
		0856405B2B6017150010E350 /* Build configuration list for PBXNativeTarget "ToDoListUITests" */ = {
			isa = XCConfigurationList;
			buildConfigurations = (
				0856405C2B6017150010E350 /* Debug */,
				0856405D2B6017150010E350 /* Release */,
			);
			defaultConfigurationIsVisible = 0;
			defaultConfigurationName = Release;
		};
/* End XCConfigurationList section */

/* Begin XCRemoteSwiftPackageReference section */
		084F5D482B63489200A1E76F /* XCRemoteSwiftPackageReference "Swinject" */ = {
			isa = XCRemoteSwiftPackageReference;
			repositoryURL = "https://github.com/Swinject/Swinject.git";
			requirement = {
				kind = upToNextMajorVersion;
				minimumVersion = 2.8.4;
			};
		};
		084F5D5B2B641FB200A1E76F /* XCRemoteSwiftPackageReference "firebase-ios-sdk" */ = {
			isa = XCRemoteSwiftPackageReference;
			repositoryURL = "https://github.com/firebase/firebase-ios-sdk";
			requirement = {
				kind = upToNextMajorVersion;
				minimumVersion = 10.20.0;
			};
		};
/* End XCRemoteSwiftPackageReference section */

/* Begin XCSwiftPackageProductDependency section */
		084F5D492B6348A400A1E76F /* Swinject */ = {
			isa = XCSwiftPackageProductDependency;
			package = 084F5D482B63489200A1E76F /* XCRemoteSwiftPackageReference "Swinject" */;
			productName = Swinject;
		};
		084F5D5C2B641FB200A1E76F /* FirebaseAuth */ = {
			isa = XCSwiftPackageProductDependency;
			package = 084F5D5B2B641FB200A1E76F /* XCRemoteSwiftPackageReference "firebase-ios-sdk" */;
			productName = FirebaseAuth;
		};
		084F5D5E2B641FB200A1E76F /* FirebaseFirestore */ = {
			isa = XCSwiftPackageProductDependency;
			package = 084F5D5B2B641FB200A1E76F /* XCRemoteSwiftPackageReference "firebase-ios-sdk" */;
			productName = FirebaseFirestore;
		};
/* End XCSwiftPackageProductDependency section */
	};
	rootObject = 085640232B6017140010E350 /* Project object */;
}
